PODS:
  - Alamofire (4.5.1)
  - GoogleMaps (2.4.0):
    - GoogleMaps/Maps (= 2.4.0)
  - GoogleMaps/Base (2.4.0)
  - GoogleMaps/Maps (2.4.0):
    - GoogleMaps/Base
  - SwiftyJSON (3.1.4)

DEPENDENCIES:
  - Alamofire
  - GoogleMaps
  - SwiftyJSON

SPEC CHECKSUMS:
  Alamofire: 2d95912bf4c34f164fdfc335872e8c312acaea4a
  GoogleMaps: 8436ab5d1c25e36915b2f7416d0c8e3fa2e76c61
  SwiftyJSON: c2842d878f95482ffceec5709abc3d05680c0220

PODFILE CHECKSUM: 1a16971e0bd9ad29290078746c808e375ebb63b9

COCOAPODS: 1.2.1
